{
  "nodes": {
    "nixpkgs": {
      "locked": {
        "lastModified": 1716137900,
        "narHash": "sha256-sowPU+tLQv8GlqtVtsXioTKeaQvlMz/pefcdwg8MvfM=",
        "owner": "nixos",
        "repo": "nixpkgs",
        "rev": "6c0b7a92c30122196a761b440ac0d46d3d9954f1",
        "type": "github"
      },
      "original": {
        "owner": "nixos",
        "ref": "nixos-unstable",
        "repo": "nixpkgs",
        "type": "github"
      }
    },
    "nixpkgs_2": {
      "locked": {
        "lastModified": 1715787315,
        "narHash": "sha256-cYApT0NXJfqBkKcci7D9Kr4CBYZKOQKDYA23q8XNuWg=",
        "owner": "nixos",
        "repo": "nixpkgs",
        "rev": "33d1e753c82ffc557b4a585c77de43d4c922ebb5",
        "type": "github"
      },
      "original": {
        "owner": "nixos",
        "ref": "nixos-unstable",
        "repo": "nixpkgs",
        "type": "github"
      }
    },
    "root": {
      "inputs": {
        "nixpkgs": "nixpkgs",
        "tasks_md": "tasks_md"
      }
    },
    "tasks_md": {
      "inputs": {
        "nixpkgs": "nixpkgs_2"
      },
      "locked": {
        "dirtyRev": "ede7b3046b364b4539aa021c5136e87cfad6f498-dirty",
        "dirtyShortRev": "ede7b30-dirty",
        "lastModified": 1716274085,
        "narHash": "sha256-51PAPN1ZT8S5HFFyrc0XySda3EzagmYZFbeEKtmU850=",
        "type": "git",
        "url": "file:///home/hannses/programming/nix/tasks"
      },
      "original": {
        "type": "git",
        "url": "file:///home/hannses/programming/nix/tasks"
      }
    }
  },
  "root": "root",
  "version": 7
}
